
Microsoft Visual Studio Solution File, Format Version 9.00
# Visual Studio 2005
Project("{8BC9CEB8-8B4A-11D0-8D11-00A0C91BC942}") = "Reference_Submission", "Reference.vcproj", "{1435D236-3798-4C09-8148-B98BADE8C49E}"
EndProject
Global
	GlobalSection(SolutionConfigurationPlatforms) = preSolution
		Debug|Win32 = Debug|Win32
		Release|Win32 = Release|Win32
	EndGlobalSection
	GlobalSection(ProjectConfigurationPlatforms) = postSolution
		{1435D236-3798-4C09-8148-B98BADE8C49E}.Debug|Win32.ActiveCfg = Debug|Win32
		{1435D236-3798-4C09-8148-B98BADE8C49E}.Debug|Win32.Build.0 = Debug|Win32
		{1435D236-3798-4C09-8148-B98BADE8C49E}.Release|Win32.ActiveCfg = Release|Win32
		{1435D236-3798-4C09-8148-B98BADE8C49E}.Release|Win32.Build.0 = Release|Win32
	EndGlobalSection
	GlobalSection(SolutionProperties) = preSolution
		HideSolutionNode = FALSE
	EndGlobalSection
EndGlobal
